schema: '2.0'
stages:
  prepare:
    cmd: python3.12 src/prepare.py data/raw data/prepared
    deps:
    - path: data/raw
      hash: md5
      md5: 1a2b5ad49fe11a48f16f408624184a74.dir
      size: 9002123
      nfiles: 1638
    - path: src/prepare.py
      hash: md5
      md5: 4eebf010d346897091c0a342aece4940
      size: 2513
    - path: src/utils/seed.py
      hash: md5
      md5: 963a551c177450f50e4f11bd1a9ab2c7
      size: 437
    params:
      params.yaml:
        prepare:
          seed: 77
          split: 0.2
          image_size:
          - 32
          - 32
          grayscale: true
    outs:
    - path: data/prepared
      hash: md5
      md5: 380478adc84cb517adf4a858b657c924.dir
      size: 6751469
      nfiles: 8
  train:
    cmd: python3.12 src/train.py data/prepared model
    deps:
    - path: data/prepared
      hash: md5
      md5: 380478adc84cb517adf4a858b657c924.dir
      size: 6751469
      nfiles: 8
    - path: src/train.py
      hash: md5
      md5: c3832f93020a68282bedc443e4002188
      size: 4280
    - path: src/utils/seed.py
      hash: md5
      md5: 963a551c177450f50e4f11bd1a9ab2c7
      size: 437
    params:
      params.yaml:
        train:
          seed: 77
          lr: 0.001
          epochs: 20
          conv_size: 64
          dense_size: 128
          output_classes: 11
    outs:
    - path: model
      hash: md5
      md5: 9b471a3b379ab263626e0b4250da89e4.dir
      size: 8250444
      nfiles: 2
  evaluate:
    cmd: python3.12 src/evaluate.py model data/prepared
    deps:
    - path: model
      hash: md5
      md5: 9b471a3b379ab263626e0b4250da89e4.dir
      size: 8250444
      nfiles: 2
    - path: src/evaluate.py
      hash: md5
      md5: 5217691f0fc8f239f0a0da090c641837
      size: 5517
    outs:
    - path: evaluation/metrics.json
      hash: md5
      md5: 788e6cd9673b58e9efb38be736c7206d
      size: 64
    - path: evaluation/plots/confusion_matrix.png
      hash: md5
      md5: b1cd45792e7ca126da7741fd313c2ffc
      size: 37707
    - path: evaluation/plots/pred_preview.png
      hash: md5
      md5: 1a01139e1d64767471835c6ba02a0eee
      size: 39383
    - path: evaluation/plots/training_history.png
      hash: md5
      md5: a812c94e8df933030e52d2f7bf64e664
      size: 35501
